// !$*UTF8*$!
{
	archiveVersion = 1;
	classes = {
	};
	objectVersion = 48;
	objects = {

/* Begin PBXBuildFile section */
		7A4A14F9204DADD8004EF526 /* AppDelegate.swift in Sources */ = {isa = PBXBuildFile; fileRef = 7A4A14F8204DADD8004EF526 /* AppDelegate.swift */; };
		7A4A14FB204DADD8004EF526 /* ViewController.swift in Sources */ = {isa = PBXBuildFile; fileRef = 7A4A14FA204DADD8004EF526 /* ViewController.swift */; };
		7A4A14FE204DADD8004EF526 /* Main.storyboard in Resources */ = {isa = PBXBuildFile; fileRef = 7A4A14FC204DADD8004EF526 /* Main.storyboard */; };
		7A4A1500204DADD8004EF526 /* Assets.xcassets in Resources */ = {isa = PBXBuildFile; fileRef = 7A4A14FF204DADD8004EF526 /* Assets.xcassets */; };
		7A4A1503204DADD8004EF526 /* LaunchScreen.storyboard in Resources */ = {isa = PBXBuildFile; fileRef = 7A4A1501204DADD8004EF526 /* LaunchScreen.storyboard */; };
		7A4A150B204DAE04004EF526 /* DemoController.swift in Sources */ = {isa = PBXBuildFile; fileRef = 7A4A150A204DAE04004EF526 /* DemoController.swift */; };
		7A4A1511204DAEF0004EF526 /* Measurements.framework in Frameworks */ = {isa = PBXBuildFile; fileRef = 7A4A150C204DAEF0004EF526 /* Measurements.framework */; settings = {ATTRIBUTES = (Weak, ); }; };
		7A4A1512204DAEF0004EF526 /* SlowAnimations.framework in Frameworks */ = {isa = PBXBuildFile; fileRef = 7A4A150D204DAEF0004EF526 /* SlowAnimations.framework */; settings = {ATTRIBUTES = (Weak, ); }; };
		7A4A1513204DAEF0004EF526 /* AttributesInspector.framework in Frameworks */ = {isa = PBXBuildFile; fileRef = 7A4A150E204DAEF0004EF526 /* AttributesInspector.framework */; settings = {ATTRIBUTES = (Weak, ); }; };
		7A4A1514204DAEF0004EF526 /* HyperionCore.framework in Frameworks */ = {isa = PBXBuildFile; fileRef = 7A4A150F204DAEF0004EF526 /* HyperionCore.framework */; settings = {ATTRIBUTES = (Weak, ); }; };
		7A4A1515204DAEF0004EF526 /* TinyConsolePlugin.framework in Frameworks */ = {isa = PBXBuildFile; fileRef = 7A4A1510204DAEF0004EF526 /* TinyConsolePlugin.framework */; settings = {ATTRIBUTES = (Weak, ); }; };
		7A4A1517204DAF24004EF526 /* AttributesInspector.framework in CopyFiles */ = {isa = PBXBuildFile; fileRef = 7A4A150E204DAEF0004EF526 /* AttributesInspector.framework */; settings = {ATTRIBUTES = (CodeSignOnCopy, RemoveHeadersOnCopy, ); }; };
		7A4A1518204DAF27004EF526 /* HyperionCore.framework in CopyFiles */ = {isa = PBXBuildFile; fileRef = 7A4A150F204DAEF0004EF526 /* HyperionCore.framework */; settings = {ATTRIBUTES = (CodeSignOnCopy, RemoveHeadersOnCopy, ); }; };
		7A4A1519204DAF2A004EF526 /* Measurements.framework in CopyFiles */ = {isa = PBXBuildFile; fileRef = 7A4A150C204DAEF0004EF526 /* Measurements.framework */; settings = {ATTRIBUTES = (CodeSignOnCopy, RemoveHeadersOnCopy, ); }; };
		7A4A151A204DAF2C004EF526 /* SlowAnimations.framework in CopyFiles */ = {isa = PBXBuildFile; fileRef = 7A4A150D204DAEF0004EF526 /* SlowAnimations.framework */; settings = {ATTRIBUTES = (CodeSignOnCopy, RemoveHeadersOnCopy, ); }; };
		7A4A151B204DAF2F004EF526 /* TinyConsolePlugin.framework in CopyFiles */ = {isa = PBXBuildFile; fileRef = 7A4A1510204DAEF0004EF526 /* TinyConsolePlugin.framework */; settings = {ATTRIBUTES = (CodeSignOnCopy, RemoveHeadersOnCopy, ); }; };
/* End PBXBuildFile section */

/* Begin PBXCopyFilesBuildPhase section */
		7A4A1516204DAF1D004EF526 /* CopyFiles */ = {
			isa = PBXCopyFilesBuildPhase;
			buildActionMask = 2147483647;
			dstPath = "";
			dstSubfolderSpec = 10;
			files = (
				7A4A151B204DAF2F004EF526 /* TinyConsolePlugin.framework in CopyFiles */,
				7A4A151A204DAF2C004EF526 /* SlowAnimations.framework in CopyFiles */,
				7A4A1519204DAF2A004EF526 /* Measurements.framework in CopyFiles */,
				7A4A1518204DAF27004EF526 /* HyperionCore.framework in CopyFiles */,
				7A4A1517204DAF24004EF526 /* AttributesInspector.framework in CopyFiles */,
			);
			runOnlyForDeploymentPostprocessing = 0;
		};
/* End PBXCopyFilesBuildPhase section */

/* Begin PBXFileReference section */
		7A4A14F5204DADD8004EF526 /* TinyConsoleSwiftDemo.app */ = {isa = PBXFileReference; explicitFileType = wrapper.application; includeInIndex = 0; path = TinyConsoleSwiftDemo.app; sourceTree = BUILT_PRODUCTS_DIR; };
		7A4A14F8204DADD8004EF526 /* AppDelegate.swift */ = {isa = PBXFileReference; lastKnownFileType = sourcecode.swift; path = AppDelegate.swift; sourceTree = "<group>"; };
		7A4A14FA204DADD8004EF526 /* ViewController.swift */ = {isa = PBXFileReference; lastKnownFileType = sourcecode.swift; path = ViewController.swift; sourceTree = "<group>"; };
		7A4A14FD204DADD8004EF526 /* Base */ = {isa = PBXFileReference; lastKnownFileType = file.storyboard; name = Base; path = Base.lproj/Main.storyboard; sourceTree = "<group>"; };
		7A4A14FF204DADD8004EF526 /* Assets.xcassets */ = {isa = PBXFileReference; lastKnownFileType = folder.assetcatalog; path = Assets.xcassets; sourceTree = "<group>"; };
		7A4A1502204DADD8004EF526 /* Base */ = {isa = PBXFileReference; lastKnownFileType = file.storyboard; name = Base; path = Base.lproj/LaunchScreen.storyboard; sourceTree = "<group>"; };
		7A4A1504204DADD8004EF526 /* Info.plist */ = {isa = PBXFileReference; lastKnownFileType = text.plist.xml; path = Info.plist; sourceTree = "<group>"; };
		7A4A150A204DAE04004EF526 /* DemoController.swift */ = {isa = PBXFileReference; lastKnownFileType = sourcecode.swift; path = DemoController.swift; sourceTree = "<group>"; };
		7A4A150C204DAEF0004EF526 /* Measurements.framework */ = {isa = PBXFileReference; lastKnownFileType = wrapper.framework; path = Measurements.framework; sourceTree = "<group>"; };
		7A4A150D204DAEF0004EF526 /* SlowAnimations.framework */ = {isa = PBXFileReference; lastKnownFileType = wrapper.framework; path = SlowAnimations.framework; sourceTree = "<group>"; };
		7A4A150E204DAEF0004EF526 /* AttributesInspector.framework */ = {isa = PBXFileReference; lastKnownFileType = wrapper.framework; path = AttributesInspector.framework; sourceTree = "<group>"; };
		7A4A150F204DAEF0004EF526 /* HyperionCore.framework */ = {isa = PBXFileReference; lastKnownFileType = wrapper.framework; path = HyperionCore.framework; sourceTree = "<group>"; };
		7A4A1510204DAEF0004EF526 /* TinyConsolePlugin.framework */ = {isa = PBXFileReference; lastKnownFileType = wrapper.framework; path = TinyConsolePlugin.framework; sourceTree = "<group>"; };
		7A4A151C204DAF5B004EF526 /* TinyConsoleSwiftDemo-Bridging-Header.h */ = {isa = PBXFileReference; lastKnownFileType = sourcecode.c.h; path = "TinyConsoleSwiftDemo-Bridging-Header.h"; sourceTree = "<group>"; };
/* End PBXFileReference section */

/* Begin PBXFrameworksBuildPhase section */
		7A4A14F2204DADD8004EF526 /* Frameworks */ = {
			isa = PBXFrameworksBuildPhase;
			buildActionMask = 2147483647;
			files = (
				7A4A1512204DAEF0004EF526 /* SlowAnimations.framework in Frameworks */,
				7A4A1514204DAEF0004EF526 /* HyperionCore.framework in Frameworks */,
				7A4A1513204DAEF0004EF526 /* AttributesInspector.framework in Frameworks */,
				7A4A1515204DAEF0004EF526 /* TinyConsolePlugin.framework in Frameworks */,
				7A4A1511204DAEF0004EF526 /* Measurements.framework in Frameworks */,
			);
			runOnlyForDeploymentPostprocessing = 0;
		};
/* End PBXFrameworksBuildPhase section */

/* Begin PBXGroup section */
		7A4A14EC204DADD8004EF526 = {
			isa = PBXGroup;
			children = (
				7A4A150E204DAEF0004EF526 /* AttributesInspector.framework */,
				7A4A150F204DAEF0004EF526 /* HyperionCore.framework */,
				7A4A150C204DAEF0004EF526 /* Measurements.framework */,
				7A4A150D204DAEF0004EF526 /* SlowAnimations.framework */,
				7A4A1510204DAEF0004EF526 /* TinyConsolePlugin.framework */,
				7A4A14F7204DADD8004EF526 /* TinyConsoleSwiftDemo */,
				7A4A14F6204DADD8004EF526 /* Products */,
			);
			sourceTree = "<group>";
		};
		7A4A14F6204DADD8004EF526 /* Products */ = {
			isa = PBXGroup;
			children = (
				7A4A14F5204DADD8004EF526 /* TinyConsoleSwiftDemo.app */,
			);
			name = Products;
			sourceTree = "<group>";
		};
		7A4A14F7204DADD8004EF526 /* TinyConsoleSwiftDemo */ = {
			isa = PBXGroup;
			children = (
				7A4A14F8204DADD8004EF526 /* AppDelegate.swift */,
				7A4A14FA204DADD8004EF526 /* ViewController.swift */,
				7A4A14FC204DADD8004EF526 /* Main.storyboard */,
				7A4A14FF204DADD8004EF526 /* Assets.xcassets */,
				7A4A1501204DADD8004EF526 /* LaunchScreen.storyboard */,
				7A4A1504204DADD8004EF526 /* Info.plist */,
				7A4A150A204DAE04004EF526 /* DemoController.swift */,
				7A4A151C204DAF5B004EF526 /* TinyConsoleSwiftDemo-Bridging-Header.h */,
			);
			path = TinyConsoleSwiftDemo;
			sourceTree = "<group>";
		};
/* End PBXGroup section */

/* Begin PBXNativeTarget section */
		7A4A14F4204DADD8004EF526 /* TinyConsoleSwiftDemo */ = {
			isa = PBXNativeTarget;
			buildConfigurationList = 7A4A1507204DADD8004EF526 /* Build configuration list for PBXNativeTarget "TinyConsoleSwiftDemo" */;
			buildPhases = (
				7A4A14F1204DADD8004EF526 /* Sources */,
				7A4A14F2204DADD8004EF526 /* Frameworks */,
				7A4A14F3204DADD8004EF526 /* Resources */,
				7A4A1516204DAF1D004EF526 /* CopyFiles */,
			);
			buildRules = (
			);
			dependencies = (
			);
			name = TinyConsoleSwiftDemo;
			productName = TinyConsoleSwiftDemo;
			productReference = 7A4A14F5204DADD8004EF526 /* TinyConsoleSwiftDemo.app */;
			productType = "com.apple.product-type.application";
		};
/* End PBXNativeTarget section */

/* Begin PBXProject section */
		7A4A14ED204DADD8004EF526 /* Project object */ = {
			isa = PBXProject;
			attributes = {
				LastSwiftUpdateCheck = 0920;
				LastUpgradeCheck = 0920;
				ORGANIZATIONNAME = nashzhou;
				TargetAttributes = {
					7A4A14F4204DADD8004EF526 = {
						CreatedOnToolsVersion = 9.2;
						LastSwiftMigration = 0920;
						ProvisioningStyle = Automatic;
					};
				};
			};
			buildConfigurationList = 7A4A14F0204DADD8004EF526 /* Build configuration list for PBXProject "TinyConsoleSwiftDemo" */;
			compatibilityVersion = "Xcode 8.0";
			developmentRegion = en;
			hasScannedForEncodings = 0;
			knownRegions = (
				en,
				Base,
			);
			mainGroup = 7A4A14EC204DADD8004EF526;
			productRefGroup = 7A4A14F6204DADD8004EF526 /* Products */;
			projectDirPath = "";
			projectRoot = "";
			targets = (
				7A4A14F4204DADD8004EF526 /* TinyConsoleSwiftDemo */,
			);
		};
/* End PBXProject section */

/* Begin PBXResourcesBuildPhase section */
		7A4A14F3204DADD8004EF526 /* Resources */ = {
			isa = PBXResourcesBuildPhase;
			buildActionMask = 2147483647;
			files = (
				7A4A1503204DADD8004EF526 /* LaunchScreen.storyboard in Resources */,
				7A4A1500204DADD8004EF526 /* Assets.xcassets in Resources */,
				7A4A14FE204DADD8004EF526 /* Main.storyboard in Resources */,
			);
			runOnlyForDeploymentPostprocessing = 0;
		};
/* End PBXResourcesBuildPhase section */

/* Begin PBXSourcesBuildPhase section */
		7A4A14F1204DADD8004EF526 /* Sources */ = {
			isa = PBXSourcesBuildPhase;
			buildActionMask = 2147483647;
			files = (
				7A4A150B204DAE04004EF526 /* DemoController.swift in Sources */,
				7A4A14FB204DADD8004EF526 /* ViewController.swift in Sources */,
				7A4A14F9204DADD8004EF526 /* AppDelegate.swift in Sources */,
			);
			runOnlyForDeploymentPostprocessing = 0;
		};
/* End PBXSourcesBuildPhase section */

/* Begin PBXVariantGroup section */
		7A4A14FC204DADD8004EF526 /* Main.storyboard */ = {
			isa = PBXVariantGroup;
			children = (
				7A4A14FD204DADD8004EF526 /* Base */,
			);
			name = Main.storyboard;
			sourceTree = "<group>";
		};
		7A4A1501204DADD8004EF526 /* LaunchScreen.storyboard */ = {
			isa = PBXVariantGroup;
			children = (
				7A4A1502204DADD8004EF526 /* Base */,
			);
			name = LaunchScreen.storyboard;
			sourceTree = "<group>";
		};
/* End PBXVariantGroup section */

/* Begin XCBuildConfiguration section */
		7A4A1505204DADD8004EF526 /* Debug */ = {
			isa = XCBuildConfiguration;
			buildSettings = {
				ALWAYS_SEARCH_USER_PATHS = NO;
				CLANG_ANALYZER_NONNULL = YES;
				CLANG_ANALYZER_NUMBER_OBJECT_CONVERSION = YES_AGGRESSIVE;
				CLANG_CXX_LANGUAGE_STANDARD = "gnu++14";
				CLANG_CXX_LIBRARY = "libc++";
				CLANG_ENABLE_MODULES = YES;
				CLANG_ENABLE_OBJC_ARC = YES;
				CLANG_WARN_BLOCK_CAPTURE_AUTORELEASING = YES;
				CLANG_WARN_BOOL_CONVERSION = YES;
				CLANG_WARN_COMMA = YES;
				CLANG_WARN_CONSTANT_CONVERSION = YES;
				CLANG_WARN_DIRECT_OBJC_ISA_USAGE = YES_ERROR;
				CLANG_WARN_DOCUMENTATION_COMMENTS = YES;
				CLANG_WARN_EMPTY_BODY = YES;
				CLANG_WARN_ENUM_CONVERSION = YES;
				CLANG_WARN_INFINITE_RECURSION = YES;
				CLANG_WARN_INT_CONVERSION = YES;
				CLANG_WARN_NON_LITERAL_NULL_CONVERSION = YES;
				CLANG_WARN_OBJC_LITERAL_CONVERSION = YES;
				CLANG_WARN_OBJC_ROOT_CLASS = YES_ERROR;
				CLANG_WARN_RANGE_LOOP_ANALYSIS = YES;
				CLANG_WARN_STRICT_PROTOTYPES = YES;
				CLANG_WARN_SUSPICIOUS_MOVE = YES;
				CLANG_WARN_UNGUARDED_AVAILABILITY = YES_AGGRESSIVE;
				CLANG_WARN_UNREACHABLE_CODE = YES;
				CLANG_WARN__DUPLICATE_METHOD_MATCH = YES;
				CODE_SIGN_IDENTITY = "iPhone Developer";
				COPY_PHASE_STRIP = NO;
				DEBUG_INFORMATION_FORMAT = dwarf;
				ENABLE_STRICT_OBJC_MSGSEND = YES;
				ENABLE_TESTABILITY = YES;
				GCC_C_LANGUAGE_STANDARD = gnu11;
				GCC_DYNAMIC_NO_PIC = NO;
				GCC_NO_COMMON_BLOCKS = YES;
				GCC_OPTIMIZATION_LEVEL = 0;
				GCC_PREPROCESSOR_DEFINITIONS = (
					"DEBUG=1",
					"$(inherited)",
				);
				GCC_WARN_64_TO_32_BIT_CONVERSION = YES;
				GCC_WARN_ABOUT_RETURN_TYPE = YES_ERROR;
				GCC_WARN_UNDECLARED_SELECTOR = YES;
				GCC_WARN_UNINITIALIZED_AUTOS = YES_AGGRESSIVE;
				GCC_WARN_UNUSED_FUNCTION = YES;
				GCC_WARN_UNUSED_VARIABLE = YES;
				IPHONEOS_DEPLOYMENT_TARGET = 11.2;
				MTL_ENABLE_DEBUG_INFO = YES;
				ONLY_ACTIVE_ARCH = YES;
				SDKROOT = iphoneos;
				SWIFT_ACTIVE_COMPILATION_CONDITIONS = DEBUG;
				SWIFT_OPTIMIZATION_LEVEL = "-Onone";
			};
			name = Debug;
		};
		7A4A1506204DADD8004EF526 /* Release */ = {
			isa = XCBuildConfiguration;
			buildSettings = {
				ALWAYS_SEARCH_USER_PATHS = NO;
				CLANG_ANALYZER_NONNULL = YES;
				CLANG_ANALYZER_NUMBER_OBJECT_CONVERSION = YES_AGGRESSIVE;
				CLANG_CXX_LANGUAGE_STANDARD = "gnu++14";
				CLANG_CXX_LIBRARY = "libc++";
				CLANG_ENABLE_MODULES = YES;
				CLANG_ENABLE_OBJC_ARC = YES;
				CLANG_WARN_BLOCK_CAPTURE_AUTORELEASING = YES;
				CLANG_WARN_BOOL_CONVERSION = YES;
				CLANG_WARN_COMMA = YES;
				CLANG_WARN_CONSTANT_CONVERSION = YES;
				CLANG_WARN_DIRECT_OBJC_ISA_USAGE = YES_ERROR;
				CLANG_WARN_DOCUMENTATION_COMMENTS = YES;
				CLANG_WARN_EMPTY_BODY = YES;
				CLANG_WARN_ENUM_CONVERSION = YES;
				CLANG_WARN_INFINITE_RECURSION = YES;
				CLANG_WARN_INT_CONVERSION = YES;
				CLANG_WARN_NON_LITERAL_NULL_CONVERSION = YES;
				CLANG_WARN_OBJC_LITERAL_CONVERSION = YES;
				CLANG_WARN_OBJC_ROOT_CLASS = YES_ERROR;
				CLANG_WARN_RANGE_LOOP_ANALYSIS = YES;
				CLANG_WARN_STRICT_PROTOTYPES = YES;
				CLANG_WARN_SUSPICIOUS_MOVE = YES;
				CLANG_WARN_UNGUARDED_AVAILABILITY = YES_AGGRESSIVE;
				CLANG_WARN_UNREACHABLE_CODE = YES;
				CLANG_WARN__DUPLICATE_METHOD_MATCH = YES;
				CODE_SIGN_IDENTITY = "iPhone Developer";
				COPY_PHASE_STRIP = NO;
				DEBUG_INFORMATION_FORMAT = "dwarf-with-dsym";
				ENABLE_NS_ASSERTIONS = NO;
				ENABLE_STRICT_OBJC_MSGSEND = YES;
				GCC_C_LANGUAGE_STANDARD = gnu11;
				GCC_NO_COMMON_BLOCKS = YES;
				GCC_WARN_64_TO_32_BIT_CONVERSION = YES;
				GCC_WARN_ABOUT_RETURN_TYPE = YES_ERROR;
				GCC_WARN_UNDECLARED_SELECTOR = YES;
				GCC_WARN_UNINITIALIZED_AUTOS = YES_AGGRESSIVE;
				GCC_WARN_UNUSED_FUNCTION = YES;
				GCC_WARN_UNUSED_VARIABLE = YES;
				IPHONEOS_DEPLOYMENT_TARGET = 11.2;
				MTL_ENABLE_DEBUG_INFO = NO;
				SDKROOT = iphoneos;
				SWIFT_OPTIMIZATION_LEVEL = "-Owholemodule";
				VALIDATE_PRODUCT = YES;
			};
			name = Release;
		};
		7A4A1508204DADD8004EF526 /* Debug */ = {
			isa = XCBuildConfiguration;
			buildSettings = {
				ASSETCATALOG_COMPILER_APPICON_NAME = AppIcon;
				CLANG_ENABLE_MODULES = YES;
				CODE_SIGN_STYLE = Automatic;
				DEVELOPMENT_TEAM = "";
				FRAMEWORK_SEARCH_PATHS = (
					"$(inherited)",
					"$(PROJECT_DIR)",
				);
				INFOPLIST_FILE = TinyConsoleSwiftDemo/Info.plist;
				LD_RUNPATH_SEARCH_PATHS = "$(inherited) @executable_path/Frameworks";
				PRODUCT_BUNDLE_IDENTIFIER = nashzhou.TinyConsoleSwiftDemo;
				PRODUCT_NAME = "$(TARGET_NAME)";
				SWIFT_OBJC_BRIDGING_HEADER = "TinyConsoleSwiftDemo/TinyConsoleSwiftDemo-Bridging-Header.h";
				SWIFT_OPTIMIZATION_LEVEL = "-Onone";
				SWIFT_VERSION = 4.0;
				TARGETED_DEVICE_FAMILY = "1,2";
			};
			name = Debug;
		};
		7A4A1509204DADD8004EF526 /* Release */ = {
			isa = XCBuildConfiguration;
			buildSettings = {
				ASSETCATALOG_COMPILER_APPICON_NAME = AppIcon;
				CLANG_ENABLE_MODULES = YES;
				CODE_SIGN_STYLE = Automatic;
				DEVELOPMENT_TEAM = "";
				FRAMEWORK_SEARCH_PATHS = (
					"$(inherited)",
					"$(PROJECT_DIR)",
				);
				INFOPLIST_FILE = TinyConsoleSwiftDemo/Info.plist;
				LD_RUNPATH_SEARCH_PATHS = "$(inherited) @executable_path/Frameworks";
				PRODUCT_BUNDLE_IDENTIFIER = nashzhou.TinyConsoleSwiftDemo;
				PRODUCT_NAME = "$(TARGET_NAME)";
				SWIFT_OBJC_BRIDGING_HEADER = "TinyConsoleSwiftDemo/TinyConsoleSwiftDemo-Bridging-Header.h";
				SWIFT_VERSION = 4.0;
				TARGETED_DEVICE_FAMILY = "1,2";
			};
			name = Release;
		};
/* End XCBuildConfiguration section */

/* Begin XCConfigurationList section */
		7A4A14F0204DADD8004EF526 /* Build configuration list for PBXProject "TinyConsoleSwiftDemo" */ = {
			isa = XCConfigurationList;
			buildConfigurations = (
				7A4A1505204DADD8004EF526 /* Debug */,
				7A4A1506204DADD8004EF526 /* Release */,
			);
			defaultConfigurationIsVisible = 0;
			defaultConfigurationName = Release;
		};
		7A4A1507204DADD8004EF526 /* Build configuration list for PBXNativeTarget "TinyConsoleSwiftDemo" */ = {
			isa = XCConfigurationList;
			buildConfigurations = (
				7A4A1508204DADD8004EF526 /* Debug */,
				7A4A1509204DADD8004EF526 /* Release */,
			);
			defaultConfigurationIsVisible = 0;
			defaultConfigurationName = Release;
		};
/* End XCConfigurationList section */
	};
	rootObject = 7A4A14ED204DADD8004EF526 /* Project object */;
}
